
Microsoft Visual Studio Solution File, Format Version 12.00
# Visual Studio 15
VisualStudioVersion = 15.0.28307.329
MinimumVisualStudioVersion = 10.0.40219.1
Project("{FAE04EC0-301F-11D3-BF4B-00C04F79EFBC}") = "ContactManager.UI", "ContactManager.UI\ContactManager.UI.csproj", "{FE78B099-8889-4956-B905-C0F7EFA41B98}"
EndProject
Project("{FAE04EC0-301F-11D3-BF4B-00C04F79EFBC}") = "ContactManager.BL", "ContactManager.BL\ContactManager.BL.csproj", "{847E7E6A-CB04-4C49-99F6-CC7714A69A4E}"
EndProject
Global
	GlobalSection(SolutionConfigurationPlatforms) = preSolution
		Debug|Any CPU = Debug|Any CPU
		Release|Any CPU = Release|Any CPU
	EndGlobalSection
	GlobalSection(ProjectConfigurationPlatforms) = postSolution
		{FE78B099-8889-4956-B905-C0F7EFA41B98}.Debug|Any CPU.ActiveCfg = Debug|Any CPU
		{FE78B099-8889-4956-B905-C0F7EFA41B98}.Debug|Any CPU.Build.0 = Debug|Any CPU
		{FE78B099-8889-4956-B905-C0F7EFA41B98}.Release|Any CPU.ActiveCfg = Release|Any CPU
		{FE78B099-8889-4956-B905-C0F7EFA41B98}.Release|Any CPU.Build.0 = Release|Any CPU
		{847E7E6A-CB04-4C49-99F6-CC7714A69A4E}.Debug|Any CPU.ActiveCfg = Debug|Any CPU
		{847E7E6A-CB04-4C49-99F6-CC7714A69A4E}.Debug|Any CPU.Build.0 = Debug|Any CPU
		{847E7E6A-CB04-4C49-99F6-CC7714A69A4E}.Release|Any CPU.ActiveCfg = Release|Any CPU
		{847E7E6A-CB04-4C49-99F6-CC7714A69A4E}.Release|Any CPU.Build.0 = Release|Any CPU
	EndGlobalSection
	GlobalSection(SolutionProperties) = preSolution
		HideSolutionNode = FALSE
	EndGlobalSection
	GlobalSection(ExtensibilityGlobals) = postSolution
		SolutionGuid = {894BB600-6111-42D5-9EBC-819F4D255E5B}
	EndGlobalSection
EndGlobal
